{
  "name": "ke2daira",
  "version": "0.4.0",
  "lockfileVersion": 2,
  "requires": true,
  "packages": {
    "": {
      "name": "ke2daira",
      "version": "0.4.0",
      "license": "MIT",
      "dependencies": {
        "kana2mora": "^0.3.0",
        "kuromojin": "^3.0.0"
      },
      "devDependencies": {
        "@types/node": "^24.3.1",
        "dirname-filename-esm": "^1.1.1",
        "prettier": "^3.3.3",
        "typescript": "^5.0.3"
      }
    },
    "node_modules/@kvs/env": {
      "version": "2.2.0",
      "resolved": "https://registry.npmjs.org/@kvs/env/-/env-2.2.0.tgz",
      "integrity": "sha512-G66d4q8ATY7jsKz6KovHE9ScQ4HSs9BtkRUiLMVI/nHeHHA+KDt4qYZQ2KmaC9LPIAc7bJmR7uAH8DTBamJKhw==",
      "license": "MIT",
      "dependencies": {
        "@kvs/indexeddb": "^2.1.4",
        "@kvs/node-localstorage": "^2.2.0"
      }
    },
    "node_modules/@kvs/indexeddb": {
      "version": "2.1.4",
      "resolved": "https://registry.npmjs.org/@kvs/indexeddb/-/indexeddb-2.1.4.tgz",
      "integrity": "sha512-7xIF5hLREZFXnsYnR51LTAaO+pWFDMoBzF2vdl/RVnPP+7/WJS+7npO1aZ+EDrAMeJwAARhXFF/3NI3Wy3DCXQ==",
      "license": "MIT",
      "dependencies": {
        "@kvs/types": "^2.1.4"
      }
    },
    "node_modules/@kvs/node-localstorage": {
      "version": "2.2.0",
      "resolved": "https://registry.npmjs.org/@kvs/node-localstorage/-/node-localstorage-2.2.0.tgz",
      "integrity": "sha512-ADvFxbCZF2t4vzwU2Ng3I7+vviSLTc5bkCGgVUeEfcRqaM781ZAO5bHn9kiYUIziIf5fESkOnQxrJQqmQtpI0g==",
      "license": "MIT",
      "dependencies": {
        "@kvs/storage": "^2.1.4",
        "app-root-path": "^3.1.0",
        "node-localstorage": "^2.1.6"
      }
    },
    "node_modules/@kvs/storage": {
      "version": "2.1.4",
      "resolved": "https://registry.npmjs.org/@kvs/storage/-/storage-2.1.4.tgz",
      "integrity": "sha512-d4sdTdCjAsyX9v9Q3rFciG9rUs24KNIMUzRv3fVIpbehlnfTWZ5TACucN6LAMFZaqgEnBKLxghwfUCrsaYDzig==",
      "license": "MIT",
      "dependencies": {
        "@kvs/types": "^2.1.4"
      }
    },
    "node_modules/@kvs/types": {
      "version": "2.1.4",
      "resolved": "https://registry.npmjs.org/@kvs/types/-/types-2.1.4.tgz",
      "integrity": "sha512-XtTOUatnJrDcuYNPfN+9x1xuVp11IuyPi9zOLVJPpfnKp+vUCatka/Crp2cfz0uKt4QE1Pb4Dg/TNYgVYA2Org==",
      "license": "MIT"
    },
    "node_modules/@types/node": {
      "version": "24.3.1",
      "resolved": "https://registry.npmjs.org/@types/node/-/node-24.3.1.tgz",
      "integrity": "sha512-3vXmQDXy+woz+gnrTvuvNrPzekOi+Ds0ReMxw0LzBiK3a+1k0kQn9f2NWk+lgD4rJehFUmYy2gMhJ2ZI+7YP9g==",
      "dev": true,
      "dependencies": {
        "undici-types": "~7.10.0"
      }
    },
    "node_modules/app-root-path": {
      "version": "3.1.0",
      "resolved": "https://registry.npmjs.org/app-root-path/-/app-root-path-3.1.0.tgz",
      "integrity": "sha512-biN3PwB2gUtjaYy/isrU3aNWI5w+fAfvHkSvCKeQGxhmYpwKFUxudR3Yya+KqVRHBmEDYh+/lTozYCFbmzX4nA==",
      "license": "MIT",
      "engines": {
        "node": ">= 6.0.0"
      }
    },
    "node_modules/async": {
      "version": "2.6.4",
      "resolved": "https://registry.npmjs.org/async/-/async-2.6.4.tgz",
      "integrity": "sha512-mzo5dfJYwAn29PeiJ0zvwTo04zj8HDJj0Mn8TD7sno7q12prdbnasKJHhkm2c1LgrhlJ0teaea8860oxi51mGA==",
      "dependencies": {
        "lodash": "^4.17.14"
      }
    },
    "node_modules/dirname-filename-esm": {
      "version": "1.1.2",
      "resolved": "https://registry.npmjs.org/dirname-filename-esm/-/dirname-filename-esm-1.1.2.tgz",
      "integrity": "sha512-mMhH2imzJN95KnX/iDAhC0QDG0VU833c88U3SXCaQzATu7YlO9YTFD/CF9Nn2xhSwFlV9iWEKb/YyGJ4TwCcPg==",
      "dev": true
    },
    "node_modules/doublearray": {
      "version": "0.0.2",
      "resolved": "https://registry.npmjs.org/doublearray/-/doublearray-0.0.2.tgz",
      "integrity": "sha512-aw55FtZzT6AmiamEj2kvmR6BuFqvYgKZUkfQ7teqVRNqD5UE0rw8IeW/3gieHNKQ5sPuDKlljWEn4bzv5+1bHw=="
    },
    "node_modules/graceful-fs": {
      "version": "4.2.11",
      "resolved": "https://registry.npmjs.org/graceful-fs/-/graceful-fs-4.2.11.tgz",
      "integrity": "sha512-RbJ5/jmFcNNCcDV5o9eTnBLJ/HszWV0P73bc+Ff4nS/rJj+YaS6IGyiOL0VoBYX+l1Wrl3k63h/KrH+nhJ0XvQ==",
      "license": "ISC"
    },
    "node_modules/imurmurhash": {
      "version": "0.1.4",
      "resolved": "https://registry.npmjs.org/imurmurhash/-/imurmurhash-0.1.4.tgz",
      "integrity": "sha512-JmXMZ6wuvDmLiHEml9ykzqO6lwFbof0GG4IkcGaENdCRDDmMVnny7s5HsIgHCbaq0w2MyPhDqkhTUgS2LU2PHA==",
      "license": "MIT",
      "engines": {
        "node": ">=0.8.19"
      }
    },
    "node_modules/kana2mora": {
      "version": "0.3.0",
      "resolved": "https://registry.npmjs.org/kana2mora/-/kana2mora-0.3.0.tgz",
      "integrity": "sha512-weMVgx06uesxlVqV70z+hI/baLeFH0hsVg00bEJ9yDl+rAeoF+szzrggQOnTgCM8xxLwbtVkUx083e5P4dcL3Q==",
      "license": "CC0-1.0"
    },
    "node_modules/kuromoji": {
      "version": "0.1.2",
      "resolved": "https://registry.npmjs.org/kuromoji/-/kuromoji-0.1.2.tgz",
      "integrity": "sha512-V0dUf+C2LpcPEXhoHLMAop/bOht16Dyr+mDiIE39yX3vqau7p80De/koFqpiTcL1zzdZlc3xuHZ8u5gjYRfFaQ==",
      "dependencies": {
        "async": "^2.0.1",
        "doublearray": "0.0.2",
        "zlibjs": "^0.3.1"
      }
    },
    "node_modules/kuromojin": {
      "version": "3.0.1",
      "resolved": "https://registry.npmjs.org/kuromojin/-/kuromojin-3.0.1.tgz",
      "integrity": "sha512-E4rLmbTid8ZGH8Fw421UXvfgCe0IXGFKhUw/IosBVW6ootxVGKGbtb0UPQAvPswgsXX/8UuPiE+amz1NN11Uzg==",
      "license": "MIT",
      "dependencies": {
        "@kvs/env": "^2.1.3",
        "kuromoji": "0.1.2",
        "lru_map": "^0.4.1"
      }
    },
    "node_modules/lodash": {
      "version": "4.17.21",
      "resolved": "https://registry.npmjs.org/lodash/-/lodash-4.17.21.tgz",
      "integrity": "sha512-v2kDEe57lecTulaDIuNTPy3Ry4gLGJ6Z1O3vE1krgXZNrsQ+LFTGHVxVjcXPs17LhbZVGedAJv8XZ1tvj5FvSg=="
    },
    "node_modules/lru_map": {
      "version": "0.4.1",
      "resolved": "https://registry.npmjs.org/lru_map/-/lru_map-0.4.1.tgz",
      "integrity": "sha512-I+lBvqMMFfqaV8CJCISjI3wbjmwVu/VyOoU7+qtu9d7ioW5klMgsTTiUOUp+DJvfTTzKXoPbyC6YfgkNcyPSOg=="
    },
    "node_modules/node-localstorage": {
      "version": "2.2.1",
      "resolved": "https://registry.npmjs.org/node-localstorage/-/node-localstorage-2.2.1.tgz",
      "integrity": "sha512-vv8fJuOUCCvSPjDjBLlMqYMHob4aGjkmrkaE42/mZr0VT+ZAU10jRF8oTnX9+pgU9/vYJ8P7YT3Vd6ajkmzSCw==",
      "license": "MIT",
      "dependencies": {
        "write-file-atomic": "^1.1.4"
      },
      "engines": {
        "node": ">=0.12"
      }
    },
    "node_modules/prettier": {
      "version": "3.6.2",
      "resolved": "https://registry.npmjs.org/prettier/-/prettier-3.6.2.tgz",
      "integrity": "sha512-I7AIg5boAr5R0FFtJ6rCfD+LFsWHp81dolrFD8S79U9tb8Az2nGrJncnMSnys+bpQJfRUzqs9hnA81OAA3hCuQ==",
      "dev": true,
      "bin": {
        "prettier": "bin/prettier.cjs"
      },
      "engines": {
        "node": ">=14"
      },
      "funding": {
        "url": "https://github.com/prettier/prettier?sponsor=1"
      }
    },
    "node_modules/slide": {
      "version": "1.1.6",
      "resolved": "https://registry.npmjs.org/slide/-/slide-1.1.6.tgz",
      "integrity": "sha512-NwrtjCg+lZoqhFU8fOwl4ay2ei8PaqCBOUV3/ektPY9trO1yQ1oXEfmHAhKArUVUr/hOHvy5f6AdP17dCM0zMw==",
      "license": "ISC",
      "engines": {
        "node": "*"
      }
    },
    "node_modules/typescript": {
      "version": "5.8.3",
      "resolved": "https://registry.npmjs.org/typescript/-/typescript-5.8.3.tgz",
      "integrity": "sha512-p1diW6TqL9L07nNxvRMM7hMMw4c5XOo/1ibL4aAIGmSAt9slTE1Xgw5KWuof2uTOvCg9BY7ZRi+GaF+7sfgPeQ==",
      "dev": true,
      "license": "Apache-2.0",
      "bin": {
        "tsc": "bin/tsc",
        "tsserver": "bin/tsserver"
      },
      "engines": {
        "node": ">=14.17"
      }
    },
    "node_modules/undici-types": {
      "version": "7.10.0",
      "resolved": "https://registry.npmjs.org/undici-types/-/undici-types-7.10.0.tgz",
      "integrity": "sha512-t5Fy/nfn+14LuOc2KNYg75vZqClpAiqscVvMygNnlsHBFpSXdJaYtXMcdNLpl/Qvc3P2cB3s6lOV51nqsFq4ag==",
      "dev": true
    },
    "node_modules/write-file-atomic": {
      "version": "1.3.4",
      "resolved": "https://registry.npmjs.org/write-file-atomic/-/write-file-atomic-1.3.4.tgz",
      "integrity": "sha512-SdrHoC/yVBPpV0Xq/mUZQIpW2sWXAShb/V4pomcJXh92RuaO+f3UTWItiR3Px+pLnV2PvC2/bfn5cwr5X6Vfxw==",
      "license": "ISC",
      "dependencies": {
        "graceful-fs": "^4.1.11",
        "imurmurhash": "^0.1.4",
        "slide": "^1.1.5"
      }
    },
    "node_modules/zlibjs": {
      "version": "0.3.1",
      "resolved": "https://registry.npmjs.org/zlibjs/-/zlibjs-0.3.1.tgz",
      "integrity": "sha512-+J9RrgTKOmlxFSDHo0pI1xM6BLVUv+o0ZT9ANtCxGkjIVCCUdx9alUF8Gm+dGLKbkkkidWIHFDZHDMpfITt4+w==",
      "engines": {
        "node": "*"
      }
    }
  },
  "dependencies": {
    "@kvs/env": {
      "version": "2.2.0",
      "resolved": "https://registry.npmjs.org/@kvs/env/-/env-2.2.0.tgz",
      "integrity": "sha512-G66d4q8ATY7jsKz6KovHE9ScQ4HSs9BtkRUiLMVI/nHeHHA+KDt4qYZQ2KmaC9LPIAc7bJmR7uAH8DTBamJKhw==",
      "requires": {
        "@kvs/indexeddb": "^2.1.4",
        "@kvs/node-localstorage": "^2.2.0"
      }
    },
    "@kvs/indexeddb": {
      "version": "2.1.4",
      "resolved": "https://registry.npmjs.org/@kvs/indexeddb/-/indexeddb-2.1.4.tgz",
      "integrity": "sha512-7xIF5hLREZFXnsYnR51LTAaO+pWFDMoBzF2vdl/RVnPP+7/WJS+7npO1aZ+EDrAMeJwAARhXFF/3NI3Wy3DCXQ==",
      "requires": {
        "@kvs/types": "^2.1.4"
      }
    },
    "@kvs/node-localstorage": {
      "version": "2.2.0",
      "resolved": "https://registry.npmjs.org/@kvs/node-localstorage/-/node-localstorage-2.2.0.tgz",
      "integrity": "sha512-ADvFxbCZF2t4vzwU2Ng3I7+vviSLTc5bkCGgVUeEfcRqaM781ZAO5bHn9kiYUIziIf5fESkOnQxrJQqmQtpI0g==",
      "requires": {
        "@kvs/storage": "^2.1.4",
        "app-root-path": "^3.1.0",
        "node-localstorage": "^2.1.6"
      }
    },
    "@kvs/storage": {
      "version": "2.1.4",
      "resolved": "https://registry.npmjs.org/@kvs/storage/-/storage-2.1.4.tgz",
      "integrity": "sha512-d4sdTdCjAsyX9v9Q3rFciG9rUs24KNIMUzRv3fVIpbehlnfTWZ5TACucN6LAMFZaqgEnBKLxghwfUCrsaYDzig==",
      "requires": {
        "@kvs/types": "^2.1.4"
      }
    },
    "@kvs/types": {
      "version": "2.1.4",
      "resolved": "https://registry.npmjs.org/@kvs/types/-/types-2.1.4.tgz",
      "integrity": "sha512-XtTOUatnJrDcuYNPfN+9x1xuVp11IuyPi9zOLVJPpfnKp+vUCatka/Crp2cfz0uKt4QE1Pb4Dg/TNYgVYA2Org=="
    },
    "@types/node": {
      "version": "24.3.1",
      "resolved": "https://registry.npmjs.org/@types/node/-/node-24.3.1.tgz",
      "integrity": "sha512-3vXmQDXy+woz+gnrTvuvNrPzekOi+Ds0ReMxw0LzBiK3a+1k0kQn9f2NWk+lgD4rJehFUmYy2gMhJ2ZI+7YP9g==",
      "dev": true,
      "requires": {
        "undici-types": "~7.10.0"
      }
    },
    "app-root-path": {
      "version": "3.1.0",
      "resolved": "https://registry.npmjs.org/app-root-path/-/app-root-path-3.1.0.tgz",
      "integrity": "sha512-biN3PwB2gUtjaYy/isrU3aNWI5w+fAfvHkSvCKeQGxhmYpwKFUxudR3Yya+KqVRHBmEDYh+/lTozYCFbmzX4nA=="
    },
    "async": {
      "version": "2.6.4",
      "resolved": "https://registry.npmjs.org/async/-/async-2.6.4.tgz",
      "integrity": "sha512-mzo5dfJYwAn29PeiJ0zvwTo04zj8HDJj0Mn8TD7sno7q12prdbnasKJHhkm2c1LgrhlJ0teaea8860oxi51mGA==",
      "requires": {
        "lodash": "^4.17.14"
      }
    },
    "dirname-filename-esm": {
      "version": "1.1.2",
      "resolved": "https://registry.npmjs.org/dirname-filename-esm/-/dirname-filename-esm-1.1.2.tgz",
      "integrity": "sha512-mMhH2imzJN95KnX/iDAhC0QDG0VU833c88U3SXCaQzATu7YlO9YTFD/CF9Nn2xhSwFlV9iWEKb/YyGJ4TwCcPg==",
      "dev": true
    },
    "doublearray": {
      "version": "0.0.2",
      "resolved": "https://registry.npmjs.org/doublearray/-/doublearray-0.0.2.tgz",
      "integrity": "sha512-aw55FtZzT6AmiamEj2kvmR6BuFqvYgKZUkfQ7teqVRNqD5UE0rw8IeW/3gieHNKQ5sPuDKlljWEn4bzv5+1bHw=="
    },
    "graceful-fs": {
      "version": "4.2.11",
      "resolved": "https://registry.npmjs.org/graceful-fs/-/graceful-fs-4.2.11.tgz",
      "integrity": "sha512-RbJ5/jmFcNNCcDV5o9eTnBLJ/HszWV0P73bc+Ff4nS/rJj+YaS6IGyiOL0VoBYX+l1Wrl3k63h/KrH+nhJ0XvQ=="
    },
    "imurmurhash": {
      "version": "0.1.4",
      "resolved": "https://registry.npmjs.org/imurmurhash/-/imurmurhash-0.1.4.tgz",
      "integrity": "sha512-JmXMZ6wuvDmLiHEml9ykzqO6lwFbof0GG4IkcGaENdCRDDmMVnny7s5HsIgHCbaq0w2MyPhDqkhTUgS2LU2PHA=="
    },
    "kana2mora": {
      "version": "0.3.0",
      "resolved": "https://registry.npmjs.org/kana2mora/-/kana2mora-0.3.0.tgz",
      "integrity": "sha512-weMVgx06uesxlVqV70z+hI/baLeFH0hsVg00bEJ9yDl+rAeoF+szzrggQOnTgCM8xxLwbtVkUx083e5P4dcL3Q=="
    },
    "kuromoji": {
      "version": "0.1.2",
      "resolved": "https://registry.npmjs.org/kuromoji/-/kuromoji-0.1.2.tgz",
      "integrity": "sha512-V0dUf+C2LpcPEXhoHLMAop/bOht16Dyr+mDiIE39yX3vqau7p80De/koFqpiTcL1zzdZlc3xuHZ8u5gjYRfFaQ==",
      "requires": {
        "async": "^2.0.1",
        "doublearray": "0.0.2",
        "zlibjs": "^0.3.1"
      }
    },
    "kuromojin": {
      "version": "3.0.1",
      "resolved": "https://registry.npmjs.org/kuromojin/-/kuromojin-3.0.1.tgz",
      "integrity": "sha512-E4rLmbTid8ZGH8Fw421UXvfgCe0IXGFKhUw/IosBVW6ootxVGKGbtb0UPQAvPswgsXX/8UuPiE+amz1NN11Uzg==",
      "requires": {
        "@kvs/env": "^2.1.3",
        "kuromoji": "0.1.2",
        "lru_map": "^0.4.1"
      }
    },
    "lodash": {
      "version": "4.17.21",
      "resolved": "https://registry.npmjs.org/lodash/-/lodash-4.17.21.tgz",
      "integrity": "sha512-v2kDEe57lecTulaDIuNTPy3Ry4gLGJ6Z1O3vE1krgXZNrsQ+LFTGHVxVjcXPs17LhbZVGedAJv8XZ1tvj5FvSg=="
    },
    "lru_map": {
      "version": "0.4.1",
      "resolved": "https://registry.npmjs.org/lru_map/-/lru_map-0.4.1.tgz",
      "integrity": "sha512-I+lBvqMMFfqaV8CJCISjI3wbjmwVu/VyOoU7+qtu9d7ioW5klMgsTTiUOUp+DJvfTTzKXoPbyC6YfgkNcyPSOg=="
    },
    "node-localstorage": {
      "version": "2.2.1",
      "resolved": "https://registry.npmjs.org/node-localstorage/-/node-localstorage-2.2.1.tgz",
      "integrity": "sha512-vv8fJuOUCCvSPjDjBLlMqYMHob4aGjkmrkaE42/mZr0VT+ZAU10jRF8oTnX9+pgU9/vYJ8P7YT3Vd6ajkmzSCw==",
      "requires": {
        "write-file-atomic": "^1.1.4"
      }
    },
    "prettier": {
      "version": "3.6.2",
      "resolved": "https://registry.npmjs.org/prettier/-/prettier-3.6.2.tgz",
      "integrity": "sha512-I7AIg5boAr5R0FFtJ6rCfD+LFsWHp81dolrFD8S79U9tb8Az2nGrJncnMSnys+bpQJfRUzqs9hnA81OAA3hCuQ==",
      "dev": true
    },
    "slide": {
      "version": "1.1.6",
      "resolved": "https://registry.npmjs.org/slide/-/slide-1.1.6.tgz",
      "integrity": "sha512-NwrtjCg+lZoqhFU8fOwl4ay2ei8PaqCBOUV3/ektPY9trO1yQ1oXEfmHAhKArUVUr/hOHvy5f6AdP17dCM0zMw=="
    },
    "typescript": {
      "version": "5.8.3",
      "resolved": "https://registry.npmjs.org/typescript/-/typescript-5.8.3.tgz",
      "integrity": "sha512-p1diW6TqL9L07nNxvRMM7hMMw4c5XOo/1ibL4aAIGmSAt9slTE1Xgw5KWuof2uTOvCg9BY7ZRi+GaF+7sfgPeQ==",
      "dev": true
    },
    "undici-types": {
      "version": "7.10.0",
      "resolved": "https://registry.npmjs.org/undici-types/-/undici-types-7.10.0.tgz",
      "integrity": "sha512-t5Fy/nfn+14LuOc2KNYg75vZqClpAiqscVvMygNnlsHBFpSXdJaYtXMcdNLpl/Qvc3P2cB3s6lOV51nqsFq4ag==",
      "dev": true
    },
    "write-file-atomic": {
      "version": "1.3.4",
      "resolved": "https://registry.npmjs.org/write-file-atomic/-/write-file-atomic-1.3.4.tgz",
      "integrity": "sha512-SdrHoC/yVBPpV0Xq/mUZQIpW2sWXAShb/V4pomcJXh92RuaO+f3UTWItiR3Px+pLnV2PvC2/bfn5cwr5X6Vfxw==",
      "requires": {
        "graceful-fs": "^4.1.11",
        "imurmurhash": "^0.1.4",
        "slide": "^1.1.5"
      }
    },
    "zlibjs": {
      "version": "0.3.1",
      "resolved": "https://registry.npmjs.org/zlibjs/-/zlibjs-0.3.1.tgz",
      "integrity": "sha512-+J9RrgTKOmlxFSDHo0pI1xM6BLVUv+o0ZT9ANtCxGkjIVCCUdx9alUF8Gm+dGLKbkkkidWIHFDZHDMpfITt4+w=="
    }
  }
}
